
Microsoft Visual Studio Solution File, Format Version 12.00
# Visual Studio Version 16
VisualStudioVersion = 16.0.31205.134
MinimumVisualStudioVersion = 10.0.40219.1
Project("{FAE04EC0-301F-11D3-BF4B-00C04F79EFBC}") = "ItViteaTaskPlanner.Web", "ItViteaTaskPlanner.Web\ItViteaTaskPlanner.Web.csproj", "{0ED8D089-4152-4192-959B-847B341167AC}"
EndProject
Project("{FAE04EC0-301F-11D3-BF4B-00C04F79EFBC}") = "ItViteaTaskPlanner.Data", "ItViteaTaskPlanner.Data\ItViteaTaskPlanner.Data.csproj", "{9A5C8539-AE76-4320-A966-94F8D5E4E2BF}"
EndProject
Project("{FAE04EC0-301F-11D3-BF4B-00C04F79EFBC}") = "ItViteaTaskPlanner.Data.Services", "ItViteaTaskPlanner.Data.Services\ItViteaTaskPlanner.Data.Services.csproj", "{CACA3553-736D-4E7F-8CA4-1A1887F23D72}"
EndProject
Project("{FAE04EC0-301F-11D3-BF4B-00C04F79EFBC}") = "ItViteaTaskPlanner.Data.Services.Infrastructure.InMemory", "ItViteaTaskPlanner.Data.Services.Infrastructure.InMemory\ItViteaTaskPlanner.Data.Services.Infrastructure.InMemory.csproj", "{5BD555F8-F031-475F-BD47-A9BF178B5C80}"
EndProject
Project("{FAE04EC0-301F-11D3-BF4B-00C04F79EFBC}") = "ItViteaTaskPlanner.Data.Services.Infrastructure.Sql", "ItViteaTaskPlanner.Data.Services.Infrastructure.Sql\ItViteaTaskPlanner.Data.Services.Infrastructure.Sql.csproj", "{F20B7215-D48C-437D-8385-4A124553B326}"
EndProject
Global
	GlobalSection(SolutionConfigurationPlatforms) = preSolution
		Debug|Any CPU = Debug|Any CPU
		Release|Any CPU = Release|Any CPU
	EndGlobalSection
	GlobalSection(ProjectConfigurationPlatforms) = postSolution
		{0ED8D089-4152-4192-959B-847B341167AC}.Debug|Any CPU.ActiveCfg = Debug|Any CPU
		{0ED8D089-4152-4192-959B-847B341167AC}.Debug|Any CPU.Build.0 = Debug|Any CPU
		{0ED8D089-4152-4192-959B-847B341167AC}.Release|Any CPU.ActiveCfg = Release|Any CPU
		{0ED8D089-4152-4192-959B-847B341167AC}.Release|Any CPU.Build.0 = Release|Any CPU
		{9A5C8539-AE76-4320-A966-94F8D5E4E2BF}.Debug|Any CPU.ActiveCfg = Debug|Any CPU
		{9A5C8539-AE76-4320-A966-94F8D5E4E2BF}.Debug|Any CPU.Build.0 = Debug|Any CPU
		{9A5C8539-AE76-4320-A966-94F8D5E4E2BF}.Release|Any CPU.ActiveCfg = Release|Any CPU
		{9A5C8539-AE76-4320-A966-94F8D5E4E2BF}.Release|Any CPU.Build.0 = Release|Any CPU
		{CACA3553-736D-4E7F-8CA4-1A1887F23D72}.Debug|Any CPU.ActiveCfg = Debug|Any CPU
		{CACA3553-736D-4E7F-8CA4-1A1887F23D72}.Debug|Any CPU.Build.0 = Debug|Any CPU
		{CACA3553-736D-4E7F-8CA4-1A1887F23D72}.Release|Any CPU.ActiveCfg = Release|Any CPU
		{CACA3553-736D-4E7F-8CA4-1A1887F23D72}.Release|Any CPU.Build.0 = Release|Any CPU
		{5BD555F8-F031-475F-BD47-A9BF178B5C80}.Debug|Any CPU.ActiveCfg = Debug|Any CPU
		{5BD555F8-F031-475F-BD47-A9BF178B5C80}.Debug|Any CPU.Build.0 = Debug|Any CPU
		{5BD555F8-F031-475F-BD47-A9BF178B5C80}.Release|Any CPU.ActiveCfg = Release|Any CPU
		{5BD555F8-F031-475F-BD47-A9BF178B5C80}.Release|Any CPU.Build.0 = Release|Any CPU
		{F20B7215-D48C-437D-8385-4A124553B326}.Debug|Any CPU.ActiveCfg = Debug|Any CPU
		{F20B7215-D48C-437D-8385-4A124553B326}.Debug|Any CPU.Build.0 = Debug|Any CPU
		{F20B7215-D48C-437D-8385-4A124553B326}.Release|Any CPU.ActiveCfg = Release|Any CPU
		{F20B7215-D48C-437D-8385-4A124553B326}.Release|Any CPU.Build.0 = Release|Any CPU
	EndGlobalSection
	GlobalSection(SolutionProperties) = preSolution
		HideSolutionNode = FALSE
	EndGlobalSection
	GlobalSection(ExtensibilityGlobals) = postSolution
		SolutionGuid = {02DCCA57-51BF-4298-B11D-6819762FB560}
	EndGlobalSection
EndGlobal
